("quicklisp" .
 (:class qlot.source.ql:source-ql-all
  :initargs (:distribution "http://beta.quicklisp.org/dist/quicklisp.txt" :%version :latest)
  :version "2019-10-08"))
("ps-experiment" .
 (:class qlot.source.github:source-github
  :initargs (:project-name "ps-experiment" :repos "eshamster/ps-experiment" :ref nil :branch nil :tag nil)
  :version "github-4aeaf87d0f08a4fcac6f190c2c809d14b094a7e5"
  :repos "eshamster/ps-experiment"
  :url "https://github.com/eshamster/ps-experiment/archive/4aeaf87d0f08a4fcac6f190c2c809d14b094a7e5.tar.gz"
  :ref "4aeaf87d0f08a4fcac6f190c2c809d14b094a7e5"))
("cl-ps-ecs" .
 (:class qlot.source.github:source-github
  :initargs (:project-name "cl-ps-ecs" :repos "eshamster/cl-ps-ecs" :ref nil :branch nil :tag nil)
  :version "github-49a54b43d19cb1ef307dbe5ebe75f77e7e166f38"
  :repos "eshamster/cl-ps-ecs"
  :url "https://github.com/eshamster/cl-ps-ecs/archive/49a54b43d19cb1ef307dbe5ebe75f77e7e166f38.tar.gz"
  :ref "49a54b43d19cb1ef307dbe5ebe75f77e7e166f38"))
("cl-web-2d-game" .
 (:class qlot.source.github:source-github
  :initargs (:project-name "cl-web-2d-game" :repos "eshamster/cl-web-2d-game" :ref nil :branch nil :tag nil)
  :version "github-0a535fc9a8efea3752c5b39a76ec374be7a8056d"
  :repos "eshamster/cl-web-2d-game"
  :url "https://github.com/eshamster/cl-web-2d-game/archive/0a535fc9a8efea3752c5b39a76ec374be7a8056d.tar.gz"
  :ref "0a535fc9a8efea3752c5b39a76ec374be7a8056d"))
