("quicklisp" .
 (:class qlot.source.ql:source-ql-all
  :initargs (:project-name "quicklisp" :%version :latest)
  :version "2016-12-08"))
("ps-experiment" .
 (:class qlot.source.github:source-github
  :initargs (:project-name "ps-experiment" :repos "eshamster/ps-experiment" :ref nil :branch nil :tag nil)
  :version "github-d933aeb645b3062308d4c8077792a39b12e37aeb"
  :repos "eshamster/ps-experiment"
  :url "https://github.com/eshamster/ps-experiment/archive/d933aeb645b3062308d4c8077792a39b12e37aeb.tar.gz"
  :ref "d933aeb645b3062308d4c8077792a39b12e37aeb"))
("cl-ps-ecs" .
 (:class qlot.source.github:source-github
  :initargs (:project-name "cl-ps-ecs" :repos "eshamster/cl-ps-ecs" :ref nil :branch nil :tag nil)
  :version "github-d16b9bc4a18b6c6e5ca3de76959ebbf2dbe03b9c"
  :repos "eshamster/cl-ps-ecs"
  :url "https://github.com/eshamster/cl-ps-ecs/archive/d16b9bc4a18b6c6e5ca3de76959ebbf2dbe03b9c.tar.gz"
  :ref "d16b9bc4a18b6c6e5ca3de76959ebbf2dbe03b9c"))
